
Microsoft Visual Studio Solution File, Format Version 12.00
# Visual Studio Version 17
VisualStudioVersion = 17.7.34031.279
MinimumVisualStudioVersion = 10.0.40219.1
Project("{8BC9CEB8-8B4A-11D0-8D11-00A0C91BC942}") = "3월30일프로젝트", "3월30일프로젝트.vcxproj", "{CDD66EA7-D1C3-43C3-A32B-57F2A51161AE}"
EndProject
Global
	GlobalSection(SolutionConfigurationPlatforms) = preSolution
		Debug|x64 = Debug|x64
		Debug|x86 = Debug|x86
		Release|x64 = Release|x64
		Release|x86 = Release|x86
	EndGlobalSection
	GlobalSection(ProjectConfigurationPlatforms) = postSolution
		{CDD66EA7-D1C3-43C3-A32B-57F2A51161AE}.Debug|x64.ActiveCfg = Debug|x64
		{CDD66EA7-D1C3-43C3-A32B-57F2A51161AE}.Debug|x64.Build.0 = Debug|x64
		{CDD66EA7-D1C3-43C3-A32B-57F2A51161AE}.Debug|x86.ActiveCfg = Debug|Win32
		{CDD66EA7-D1C3-43C3-A32B-57F2A51161AE}.Debug|x86.Build.0 = Debug|Win32
		{CDD66EA7-D1C3-43C3-A32B-57F2A51161AE}.Release|x64.ActiveCfg = Release|x64
		{CDD66EA7-D1C3-43C3-A32B-57F2A51161AE}.Release|x64.Build.0 = Release|x64
		{CDD66EA7-D1C3-43C3-A32B-57F2A51161AE}.Release|x86.ActiveCfg = Release|Win32
		{CDD66EA7-D1C3-43C3-A32B-57F2A51161AE}.Release|x86.Build.0 = Release|Win32
	EndGlobalSection
	GlobalSection(SolutionProperties) = preSolution
		HideSolutionNode = FALSE
	EndGlobalSection
	GlobalSection(ExtensibilityGlobals) = postSolution
		SolutionGuid = {C5A75583-BACA-4A41-97A5-B05B3453049C}
	EndGlobalSection
EndGlobal
