
Microsoft Visual Studio Solution File, Format Version 12.00
# Visual Studio Version 17
VisualStudioVersion = 17.7.34031.279
MinimumVisualStudioVersion = 10.0.40219.1
Project("{8BC9CEB8-8B4A-11D0-8D11-00A0C91BC942}") = "6월 1일 프로젝트", "6월 1일 프로젝트.vcxproj", "{62071BE3-0596-4FAE-8265-A188754CFA43}"
EndProject
Global
	GlobalSection(SolutionConfigurationPlatforms) = preSolution
		Debug|x64 = Debug|x64
		Debug|x86 = Debug|x86
		Release|x64 = Release|x64
		Release|x86 = Release|x86
	EndGlobalSection
	GlobalSection(ProjectConfigurationPlatforms) = postSolution
		{62071BE3-0596-4FAE-8265-A188754CFA43}.Debug|x64.ActiveCfg = Debug|x64
		{62071BE3-0596-4FAE-8265-A188754CFA43}.Debug|x64.Build.0 = Debug|x64
		{62071BE3-0596-4FAE-8265-A188754CFA43}.Debug|x86.ActiveCfg = Debug|Win32
		{62071BE3-0596-4FAE-8265-A188754CFA43}.Debug|x86.Build.0 = Debug|Win32
		{62071BE3-0596-4FAE-8265-A188754CFA43}.Release|x64.ActiveCfg = Release|x64
		{62071BE3-0596-4FAE-8265-A188754CFA43}.Release|x64.Build.0 = Release|x64
		{62071BE3-0596-4FAE-8265-A188754CFA43}.Release|x86.ActiveCfg = Release|Win32
		{62071BE3-0596-4FAE-8265-A188754CFA43}.Release|x86.Build.0 = Release|Win32
	EndGlobalSection
	GlobalSection(SolutionProperties) = preSolution
		HideSolutionNode = FALSE
	EndGlobalSection
	GlobalSection(ExtensibilityGlobals) = postSolution
		SolutionGuid = {16CD9437-C0D9-4D88-ACE7-E4301426D166}
	EndGlobalSection
EndGlobal
